
Microsoft Visual Studio Solution File, Format Version 12.00
# Visual Studio Version 17
VisualStudioVersion = 17.0.31903.59
MinimumVisualStudioVersion = 10.0.40219.1
Project("{2150E333-8FDC-42A3-9474-1A3956D46DE8}") = "src", "src", "{827E0CD3-B72D-47B6-A68D-7590B98EB39B}"
EndProject
Project("{FAE04EC0-301F-11D3-BF4B-00C04F79EFBC}") = "ShopCore.API", "src\ShopCore.API\ShopCore.API.csproj", "{3312F95A-DB9C-4610-8D76-6A59188523C8}"
EndProject
Project("{FAE04EC0-301F-11D3-BF4B-00C04F79EFBC}") = "ShopCore.Application", "src\ShopCore.Application\ShopCore.Application.csproj", "{D018E6D9-FDEA-4BFB-9403-74A52B27312E}"
EndProject
Project("{FAE04EC0-301F-11D3-BF4B-00C04F79EFBC}") = "ShopCore.Domain", "src\ShopCore.Domain\ShopCore.Domain.csproj", "{0AB818D7-66C4-425C-9861-9A8F78BF7F8F}"
EndProject
Project("{FAE04EC0-301F-11D3-BF4B-00C04F79EFBC}") = "ShopCore.Infrastructure", "src\ShopCore.Infrastructure\ShopCore.Infrastructure.csproj", "{41A9E7C8-559B-4AA7-8CF4-C34DAE81C0C1}"
EndProject
Project("{2150E333-8FDC-42A3-9474-1A3956D46DE8}") = "tests", "tests", "{0AB3BF05-4346-4AA6-1389-037BE0695223}"
EndProject
Project("{FAE04EC0-301F-11D3-BF4B-00C04F79EFBC}") = "ShopCore.UnitTests", "tests\ShopCore.UnitTests\ShopCore.UnitTests.csproj", "{7D95144B-629E-49D4-B65E-AFB3990D3024}"
EndProject
Global
	GlobalSection(SolutionConfigurationPlatforms) = preSolution
		Debug|Any CPU = Debug|Any CPU
		Debug|x64 = Debug|x64
		Debug|x86 = Debug|x86
		Release|Any CPU = Release|Any CPU
		Release|x64 = Release|x64
		Release|x86 = Release|x86
	EndGlobalSection
	GlobalSection(ProjectConfigurationPlatforms) = postSolution
		{3312F95A-DB9C-4610-8D76-6A59188523C8}.Debug|Any CPU.ActiveCfg = Debug|Any CPU
		{3312F95A-DB9C-4610-8D76-6A59188523C8}.Debug|Any CPU.Build.0 = Debug|Any CPU
		{3312F95A-DB9C-4610-8D76-6A59188523C8}.Debug|x64.ActiveCfg = Debug|Any CPU
		{3312F95A-DB9C-4610-8D76-6A59188523C8}.Debug|x64.Build.0 = Debug|Any CPU
		{3312F95A-DB9C-4610-8D76-6A59188523C8}.Debug|x86.ActiveCfg = Debug|Any CPU
		{3312F95A-DB9C-4610-8D76-6A59188523C8}.Debug|x86.Build.0 = Debug|Any CPU
		{3312F95A-DB9C-4610-8D76-6A59188523C8}.Release|Any CPU.ActiveCfg = Release|Any CPU
		{3312F95A-DB9C-4610-8D76-6A59188523C8}.Release|Any CPU.Build.0 = Release|Any CPU
		{3312F95A-DB9C-4610-8D76-6A59188523C8}.Release|x64.ActiveCfg = Release|Any CPU
		{3312F95A-DB9C-4610-8D76-6A59188523C8}.Release|x64.Build.0 = Release|Any CPU
		{3312F95A-DB9C-4610-8D76-6A59188523C8}.Release|x86.ActiveCfg = Release|Any CPU
		{3312F95A-DB9C-4610-8D76-6A59188523C8}.Release|x86.Build.0 = Release|Any CPU
		{D018E6D9-FDEA-4BFB-9403-74A52B27312E}.Debug|Any CPU.ActiveCfg = Debug|Any CPU
		{D018E6D9-FDEA-4BFB-9403-74A52B27312E}.Debug|Any CPU.Build.0 = Debug|Any CPU
		{D018E6D9-FDEA-4BFB-9403-74A52B27312E}.Debug|x64.ActiveCfg = Debug|Any CPU
		{D018E6D9-FDEA-4BFB-9403-74A52B27312E}.Debug|x64.Build.0 = Debug|Any CPU
		{D018E6D9-FDEA-4BFB-9403-74A52B27312E}.Debug|x86.ActiveCfg = Debug|Any CPU
		{D018E6D9-FDEA-4BFB-9403-74A52B27312E}.Debug|x86.Build.0 = Debug|Any CPU
		{D018E6D9-FDEA-4BFB-9403-74A52B27312E}.Release|Any CPU.ActiveCfg = Release|Any CPU
		{D018E6D9-FDEA-4BFB-9403-74A52B27312E}.Release|Any CPU.Build.0 = Release|Any CPU
		{D018E6D9-FDEA-4BFB-9403-74A52B27312E}.Release|x64.ActiveCfg = Release|Any CPU
		{D018E6D9-FDEA-4BFB-9403-74A52B27312E}.Release|x64.Build.0 = Release|Any CPU
		{D018E6D9-FDEA-4BFB-9403-74A52B27312E}.Release|x86.ActiveCfg = Release|Any CPU
		{D018E6D9-FDEA-4BFB-9403-74A52B27312E}.Release|x86.Build.0 = Release|Any CPU
		{0AB818D7-66C4-425C-9861-9A8F78BF7F8F}.Debug|Any CPU.ActiveCfg = Debug|Any CPU
		{0AB818D7-66C4-425C-9861-9A8F78BF7F8F}.Debug|Any CPU.Build.0 = Debug|Any CPU
		{0AB818D7-66C4-425C-9861-9A8F78BF7F8F}.Debug|x64.ActiveCfg = Debug|Any CPU
		{0AB818D7-66C4-425C-9861-9A8F78BF7F8F}.Debug|x64.Build.0 = Debug|Any CPU
		{0AB818D7-66C4-425C-9861-9A8F78BF7F8F}.Debug|x86.ActiveCfg = Debug|Any CPU
		{0AB818D7-66C4-425C-9861-9A8F78BF7F8F}.Debug|x86.Build.0 = Debug|Any CPU
		{0AB818D7-66C4-425C-9861-9A8F78BF7F8F}.Release|Any CPU.ActiveCfg = Release|Any CPU
		{0AB818D7-66C4-425C-9861-9A8F78BF7F8F}.Release|Any CPU.Build.0 = Release|Any CPU
		{0AB818D7-66C4-425C-9861-9A8F78BF7F8F}.Release|x64.ActiveCfg = Release|Any CPU
		{0AB818D7-66C4-425C-9861-9A8F78BF7F8F}.Release|x64.Build.0 = Release|Any CPU
		{0AB818D7-66C4-425C-9861-9A8F78BF7F8F}.Release|x86.ActiveCfg = Release|Any CPU
		{0AB818D7-66C4-425C-9861-9A8F78BF7F8F}.Release|x86.Build.0 = Release|Any CPU
		{41A9E7C8-559B-4AA7-8CF4-C34DAE81C0C1}.Debug|Any CPU.ActiveCfg = Debug|Any CPU
		{41A9E7C8-559B-4AA7-8CF4-C34DAE81C0C1}.Debug|Any CPU.Build.0 = Debug|Any CPU
		{41A9E7C8-559B-4AA7-8CF4-C34DAE81C0C1}.Debug|x64.ActiveCfg = Debug|Any CPU
		{41A9E7C8-559B-4AA7-8CF4-C34DAE81C0C1}.Debug|x64.Build.0 = Debug|Any CPU
		{41A9E7C8-559B-4AA7-8CF4-C34DAE81C0C1}.Debug|x86.ActiveCfg = Debug|Any CPU
		{41A9E7C8-559B-4AA7-8CF4-C34DAE81C0C1}.Debug|x86.Build.0 = Debug|Any CPU
		{41A9E7C8-559B-4AA7-8CF4-C34DAE81C0C1}.Release|Any CPU.ActiveCfg = Release|Any CPU
		{41A9E7C8-559B-4AA7-8CF4-C34DAE81C0C1}.Release|Any CPU.Build.0 = Release|Any CPU
		{41A9E7C8-559B-4AA7-8CF4-C34DAE81C0C1}.Release|x64.ActiveCfg = Release|Any CPU
		{41A9E7C8-559B-4AA7-8CF4-C34DAE81C0C1}.Release|x64.Build.0 = Release|Any CPU
		{41A9E7C8-559B-4AA7-8CF4-C34DAE81C0C1}.Release|x86.ActiveCfg = Release|Any CPU
		{41A9E7C8-559B-4AA7-8CF4-C34DAE81C0C1}.Release|x86.Build.0 = Release|Any CPU
		{7D95144B-629E-49D4-B65E-AFB3990D3024}.Debug|Any CPU.ActiveCfg = Debug|Any CPU
		{7D95144B-629E-49D4-B65E-AFB3990D3024}.Debug|Any CPU.Build.0 = Debug|Any CPU
		{7D95144B-629E-49D4-B65E-AFB3990D3024}.Debug|x64.ActiveCfg = Debug|Any CPU
		{7D95144B-629E-49D4-B65E-AFB3990D3024}.Debug|x64.Build.0 = Debug|Any CPU
		{7D95144B-629E-49D4-B65E-AFB3990D3024}.Debug|x86.ActiveCfg = Debug|Any CPU
		{7D95144B-629E-49D4-B65E-AFB3990D3024}.Debug|x86.Build.0 = Debug|Any CPU
		{7D95144B-629E-49D4-B65E-AFB3990D3024}.Release|Any CPU.ActiveCfg = Release|Any CPU
		{7D95144B-629E-49D4-B65E-AFB3990D3024}.Release|Any CPU.Build.0 = Release|Any CPU
		{7D95144B-629E-49D4-B65E-AFB3990D3024}.Release|x64.ActiveCfg = Release|Any CPU
		{7D95144B-629E-49D4-B65E-AFB3990D3024}.Release|x64.Build.0 = Release|Any CPU
		{7D95144B-629E-49D4-B65E-AFB3990D3024}.Release|x86.ActiveCfg = Release|Any CPU
		{7D95144B-629E-49D4-B65E-AFB3990D3024}.Release|x86.Build.0 = Release|Any CPU
	EndGlobalSection
	GlobalSection(SolutionProperties) = preSolution
		HideSolutionNode = FALSE
	EndGlobalSection
	GlobalSection(NestedProjects) = preSolution
		{3312F95A-DB9C-4610-8D76-6A59188523C8} = {827E0CD3-B72D-47B6-A68D-7590B98EB39B}
		{D018E6D9-FDEA-4BFB-9403-74A52B27312E} = {827E0CD3-B72D-47B6-A68D-7590B98EB39B}
		{0AB818D7-66C4-425C-9861-9A8F78BF7F8F} = {827E0CD3-B72D-47B6-A68D-7590B98EB39B}
		{41A9E7C8-559B-4AA7-8CF4-C34DAE81C0C1} = {827E0CD3-B72D-47B6-A68D-7590B98EB39B}
		{7D95144B-629E-49D4-B65E-AFB3990D3024} = {0AB3BF05-4346-4AA6-1389-037BE0695223}
	EndGlobalSection
EndGlobal
